
Microsoft Visual Studio Solution File, Format Version 12.00
# Visual Studio Version 17
VisualStudioVersion = 17.6.33829.357
MinimumVisualStudioVersion = 10.0.40219.1
Project("{FAE04EC0-301F-11D3-BF4B-00C04F79EFBC}") = "DesafioFundamentos", "DesafioFundamentos.csproj", "{5F4D8845-5C8B-417F-8E9C-4325F0330FAD}"
EndProject
Global
	GlobalSection(SolutionConfigurationPlatforms) = preSolution
		Debug|Any CPU = Debug|Any CPU
		Release|Any CPU = Release|Any CPU
	EndGlobalSection
	GlobalSection(ProjectConfigurationPlatforms) = postSolution
		{5F4D8845-5C8B-417F-8E9C-4325F0330FAD}.Debug|Any CPU.ActiveCfg = Debug|Any CPU
		{5F4D8845-5C8B-417F-8E9C-4325F0330FAD}.Debug|Any CPU.Build.0 = Debug|Any CPU
		{5F4D8845-5C8B-417F-8E9C-4325F0330FAD}.Release|Any CPU.ActiveCfg = Release|Any CPU
		{5F4D8845-5C8B-417F-8E9C-4325F0330FAD}.Release|Any CPU.Build.0 = Release|Any CPU
	EndGlobalSection
	GlobalSection(SolutionProperties) = preSolution
		HideSolutionNode = FALSE
	EndGlobalSection
	GlobalSection(ExtensibilityGlobals) = postSolution
		SolutionGuid = {1B7F7A25-3989-4521-8E4E-D48C6BA20377}
	EndGlobalSection
EndGlobal
